
Microsoft Visual Studio Solution File, Format Version 12.00
# Visual Studio 15
VisualStudioVersion = 15.0.26430.15
MinimumVisualStudioVersion = 10.0.40219.1
Project("{2150E333-8FDC-42A3-9474-1A3956D46DE8}") = "src", "src", "{4C0C7122-D357-42EF-805A-9E08B02BCCF5}"
EndProject
Project("{2150E333-8FDC-42A3-9474-1A3956D46DE8}") = "Solution Items", "Solution Items", "{B1042DFA-F07E-427A-BDB9-789F42F6BD68}"
EndProject
Project("{9A19103F-16F7-4668-BE54-9A1E7A4F7556}") = "CrossParametersSample", "src\CrossParametersSample\CrossParametersSample.csproj", "{5AB709A3-3F5A-41AF-A84D-15B11F3EE351}"
EndProject
Global
	GlobalSection(SolutionConfigurationPlatforms) = preSolution
		Debug|Any CPU = Debug|Any CPU
		Release|Any CPU = Release|Any CPU
	EndGlobalSection
	GlobalSection(ProjectConfigurationPlatforms) = postSolution
		{5AB709A3-3F5A-41AF-A84D-15B11F3EE351}.Debug|Any CPU.ActiveCfg = Debug|Any CPU
		{5AB709A3-3F5A-41AF-A84D-15B11F3EE351}.Debug|Any CPU.Build.0 = Debug|Any CPU
		{5AB709A3-3F5A-41AF-A84D-15B11F3EE351}.Release|Any CPU.ActiveCfg = Release|Any CPU
		{5AB709A3-3F5A-41AF-A84D-15B11F3EE351}.Release|Any CPU.Build.0 = Release|Any CPU
	EndGlobalSection
	GlobalSection(SolutionProperties) = preSolution
		HideSolutionNode = FALSE
	EndGlobalSection
	GlobalSection(NestedProjects) = preSolution
		{5AB709A3-3F5A-41AF-A84D-15B11F3EE351} = {4C0C7122-D357-42EF-805A-9E08B02BCCF5}
	EndGlobalSection
EndGlobal
