
Microsoft Visual Studio Solution File, Format Version 12.00
# Visual Studio 15
VisualStudioVersion = 15.0.26430.15
MinimumVisualStudioVersion = 10.0.40219.1
Project("{2150E333-8FDC-42A3-9474-1A3956D46DE8}") = "src", "src", "{C8B0D8FC-9BB0-4AB6-93F4-E1DD98E7E6C6}"
EndProject
Project("{2150E333-8FDC-42A3-9474-1A3956D46DE8}") = "test", "test", "{040E6CF6-8453-4675-A805-2E54F1E95329}"
EndProject
Project("{FAE04EC0-301F-11D3-BF4B-00C04F79EFBC}") = "NotNullOrEmptySample", "NotNullOrEmptySample\NotNullOrEmptySample.csproj", "{2E4CB0C4-7797-4D34-A836-4018A8FA6B51}"
EndProject
Project("{FAE04EC0-301F-11D3-BF4B-00C04F79EFBC}") = "NotNullOrEmptySample.ConsoleApp", "NotNullOrEmptySample.ConsoleApp\NotNullOrEmptySample.ConsoleApp.csproj", "{C7E592CE-C927-433B-B423-FE88BD6CF41C}"
EndProject
Project("{FAE04EC0-301F-11D3-BF4B-00C04F79EFBC}") = "NotNullOrEmptySample.WebApp", "NotNullOrEmptySample.WebApp\NotNullOrEmptySample.WebApp.csproj", "{265C3C42-94E9-4312-97D6-B115A4908F1D}"
EndProject
Project("{FAE04EC0-301F-11D3-BF4B-00C04F79EFBC}") = "NotNullOrEmptySample.Test", "NotNullOrEmptySample.Test\NotNullOrEmptySample.Test.csproj", "{E573B6D0-A333-4145-AE5F-10622A68668A}"
EndProject
Global
	GlobalSection(SolutionConfigurationPlatforms) = preSolution
		Debug|Any CPU = Debug|Any CPU
		Release|Any CPU = Release|Any CPU
	EndGlobalSection
	GlobalSection(ProjectConfigurationPlatforms) = postSolution
		{2E4CB0C4-7797-4D34-A836-4018A8FA6B51}.Debug|Any CPU.ActiveCfg = Debug|Any CPU
		{2E4CB0C4-7797-4D34-A836-4018A8FA6B51}.Debug|Any CPU.Build.0 = Debug|Any CPU
		{2E4CB0C4-7797-4D34-A836-4018A8FA6B51}.Release|Any CPU.ActiveCfg = Release|Any CPU
		{2E4CB0C4-7797-4D34-A836-4018A8FA6B51}.Release|Any CPU.Build.0 = Release|Any CPU
		{C7E592CE-C927-433B-B423-FE88BD6CF41C}.Debug|Any CPU.ActiveCfg = Debug|Any CPU
		{C7E592CE-C927-433B-B423-FE88BD6CF41C}.Debug|Any CPU.Build.0 = Debug|Any CPU
		{C7E592CE-C927-433B-B423-FE88BD6CF41C}.Release|Any CPU.ActiveCfg = Release|Any CPU
		{C7E592CE-C927-433B-B423-FE88BD6CF41C}.Release|Any CPU.Build.0 = Release|Any CPU
		{265C3C42-94E9-4312-97D6-B115A4908F1D}.Debug|Any CPU.ActiveCfg = Debug|Any CPU
		{265C3C42-94E9-4312-97D6-B115A4908F1D}.Debug|Any CPU.Build.0 = Debug|Any CPU
		{265C3C42-94E9-4312-97D6-B115A4908F1D}.Release|Any CPU.ActiveCfg = Release|Any CPU
		{265C3C42-94E9-4312-97D6-B115A4908F1D}.Release|Any CPU.Build.0 = Release|Any CPU
		{E573B6D0-A333-4145-AE5F-10622A68668A}.Debug|Any CPU.ActiveCfg = Debug|Any CPU
		{E573B6D0-A333-4145-AE5F-10622A68668A}.Debug|Any CPU.Build.0 = Debug|Any CPU
		{E573B6D0-A333-4145-AE5F-10622A68668A}.Release|Any CPU.ActiveCfg = Release|Any CPU
		{E573B6D0-A333-4145-AE5F-10622A68668A}.Release|Any CPU.Build.0 = Release|Any CPU
	EndGlobalSection
	GlobalSection(SolutionProperties) = preSolution
		HideSolutionNode = FALSE
	EndGlobalSection
	GlobalSection(NestedProjects) = preSolution
		{2E4CB0C4-7797-4D34-A836-4018A8FA6B51} = {C8B0D8FC-9BB0-4AB6-93F4-E1DD98E7E6C6}
		{C7E592CE-C927-433B-B423-FE88BD6CF41C} = {C8B0D8FC-9BB0-4AB6-93F4-E1DD98E7E6C6}
		{265C3C42-94E9-4312-97D6-B115A4908F1D} = {C8B0D8FC-9BB0-4AB6-93F4-E1DD98E7E6C6}
		{E573B6D0-A333-4145-AE5F-10622A68668A} = {040E6CF6-8453-4675-A805-2E54F1E95329}
	EndGlobalSection
EndGlobal
